{
    "name": "jsrsasign-util",
    "version": "1.0.5",
    "lockfileVersion": 2,
    "requires": true,
    "packages": {
        "": {
            "name": "jsrsasign-util",
            "version": "1.0.5",
            "dependencies": {
                "jsonc-parser": ">= 0.0.1",
                "jsrsasign": ">= 4.8.2"
            }
        },
        "node_modules/jsonc-parser": {
            "version": "3.0.0",
            "resolved": "https://registry.npmjs.org/jsonc-parser/-/jsonc-parser-3.0.0.tgz",
            "integrity": "sha512-fQzRfAbIBnR0IQvftw9FJveWiHp72Fg20giDrHz6TdfB12UH/uue0D3hm57UB5KgAVuniLMCaS8P1IMj9NR7cA=="
        },
        "node_modules/jsrsasign": {
            "version": "10.2.0",
            "resolved": "https://registry.npmjs.org/jsrsasign/-/jsrsasign-10.2.0.tgz",
            "integrity": "sha512-khMrV/10U02DRzmXhjuLQjddUF39GHndaJZ/3YiiKkbyEl1T5M6EQF9nQUq0DFVCHusmd/jl8TWl4mWt+1L5hg==",
            "funding": {
                "url": "https://github.com/kjur/jsrsasign#donations"
            }
        }
    },
    "dependencies": {
        "jsonc-parser": {
            "version": "3.0.0",
            "resolved": "https://registry.npmjs.org/jsonc-parser/-/jsonc-parser-3.0.0.tgz",
            "integrity": "sha512-fQzRfAbIBnR0IQvftw9FJveWiHp72Fg20giDrHz6TdfB12UH/uue0D3hm57UB5KgAVuniLMCaS8P1IMj9NR7cA=="
        },
        "jsrsasign": {
            "version": "10.2.0",
            "resolved": "https://registry.npmjs.org/jsrsasign/-/jsrsasign-10.2.0.tgz",
            "integrity": "sha512-khMrV/10U02DRzmXhjuLQjddUF39GHndaJZ/3YiiKkbyEl1T5M6EQF9nQUq0DFVCHusmd/jl8TWl4mWt+1L5hg=="
        }
    }
}
